
Microsoft Visual Studio Solution File, Format Version 12.00
# Visual Studio Version 16
VisualStudioVersion = 16.0.30204.135
MinimumVisualStudioVersion = 10.0.40219.1
Project("{FAE04EC0-301F-11D3-BF4B-00C04F79EFBC}") = "WebVendas", "WebVendas.csproj", "{9B319A82-A45A-4ABA-9E6A-70D84EB9FF9D}"
EndProject
Global
	GlobalSection(SolutionConfigurationPlatforms) = preSolution
		Debug|Any CPU = Debug|Any CPU
		Release|Any CPU = Release|Any CPU
	EndGlobalSection
	GlobalSection(ProjectConfigurationPlatforms) = postSolution
		{9B319A82-A45A-4ABA-9E6A-70D84EB9FF9D}.Debug|Any CPU.ActiveCfg = Debug|Any CPU
		{9B319A82-A45A-4ABA-9E6A-70D84EB9FF9D}.Debug|Any CPU.Build.0 = Debug|Any CPU
		{9B319A82-A45A-4ABA-9E6A-70D84EB9FF9D}.Release|Any CPU.ActiveCfg = Release|Any CPU
		{9B319A82-A45A-4ABA-9E6A-70D84EB9FF9D}.Release|Any CPU.Build.0 = Release|Any CPU
	EndGlobalSection
	GlobalSection(SolutionProperties) = preSolution
		HideSolutionNode = FALSE
	EndGlobalSection
	GlobalSection(ExtensibilityGlobals) = postSolution
		SolutionGuid = {DC8D7718-F09E-4BC1-A73E-11CEE7FD8697}
	EndGlobalSection
EndGlobal
